lockfileVersion: '9.0'

settings:
  autoInstallPeers: true
  excludeLinksFromLockfile: false

importers:

  .:
    dependencies:
      '@prisma/client':
        specifier: ^4.10.0
        version: 4.16.2
    devDependencies:
      typescript:
        specifier: ^5.3.0
        version: 5.9.3

packages:

  '@prisma/client@4.16.2':
    resolution: {integrity: sha512-qCoEyxv1ZrQ4bKy39GnylE8Zq31IRmm8bNhNbZx7bF2cU5aiCCnSa93J2imF88MBjn7J9eUQneNxUQVJdl/rPQ==}
    engines: {node: '>=14.17'}
    peerDependencies:
      prisma: '*'
    peerDependenciesMeta:
      prisma:
        optional: true

  '@prisma/engines-version@4.16.1-1.4bc8b6e1b66cb932731fb1bdbbc550d1e010de81':
    resolution: {integrity: sha512-q617EUWfRIDTriWADZ4YiWRZXCa/WuhNgLTVd+HqWLffjMSPzyM5uOWoauX91wvQClSKZU4pzI4JJLQ9Kl62Qg==}

  typescript@5.9.3:
    resolution: {integrity: sha512-jl1vZzPDinLr9eUt3J/t7V6FgNEw9QjvBPdysz9KfQDD41fQrC2Y4vKQdiaUpFT4bXlb1RHhLpp8wtm6M5TgSw==}
    engines: {node: '>=14.17'}
    hasBin: true

snapshots:

  '@prisma/client@4.16.2':
    dependencies:
      '@prisma/engines-version': 4.16.1-1.4bc8b6e1b66cb932731fb1bdbbc550d1e010de81

  '@prisma/engines-version@4.16.1-1.4bc8b6e1b66cb932731fb1bdbbc550d1e010de81': {}

  typescript@5.9.3: {}
